{
  "nodes": {
    "catppuccin": {
      "inputs": {
        "ctp": "ctp",
        "nixpkgs": [
          "nixpkgs"
        ]
      },
      "locked": {
        "lastModified": 1679581673,
        "narHash": "sha256-vIZMKPTZc/g2ySoJiCq/sJdCJAODstyq7uwXYyf0rtc=",
        "owner": "mokrinsky",
        "repo": "nix-ctp",
        "rev": "3bc1b956953f3257223cc3e4b1e825d6cb17ca9c",
        "type": "github"
      },
      "original": {
        "owner": "mokrinsky",
        "repo": "nix-ctp",
        "type": "github"
      }
    },
    "ctp": {
      "flake": false,
      "locked": {
        "lastModified": 1677814890,
        "narHash": "sha256-q4qHUz5bGGcldXzrGh9PJPKU4kvyKFCKhjvBRzT1Jz8=",
        "rev": "530db7cbcbee895a7c0ce65d06db003f25a2c57b",
        "revCount": 113,
        "type": "git",
        "url": "https://github.com/catppuccin/palette"
      },
      "original": {
        "rev": "530db7cbcbee895a7c0ce65d06db003f25a2c57b",
        "type": "git",
        "url": "https://github.com/catppuccin/palette"
      }
    },
    "darwin": {
      "inputs": {
        "nixpkgs": [
          "nixpkgs"
        ]
      },
      "locked": {
        "lastModified": 1716511055,
        "narHash": "sha256-5Fe/DGgvMhPEMl9VdVxv3zvwRcwNDmW5eRJ0gk72w7U=",
        "owner": "lnl7",
        "repo": "nix-darwin",
        "rev": "0bea8222f6e83247dd13b055d83e64bce02ee532",
        "type": "github"
      },
      "original": {
        "owner": "lnl7",
        "repo": "nix-darwin",
        "type": "github"
      }
    },
    "devshell": {
      "inputs": {
        "flake-utils": [
          "flake-utils"
        ],
        "nixpkgs": [
          "nixpkgs"
        ]
      },
      "locked": {
        "lastModified": 1713532798,
        "narHash": "sha256-wtBhsdMJA3Wa32Wtm1eeo84GejtI43pMrFrmwLXrsEc=",
        "owner": "numtide",
        "repo": "devshell",
        "rev": "12e914740a25ea1891ec619bb53cf5e6ca922e40",
        "type": "github"
      },
      "original": {
        "owner": "numtide",
        "repo": "devshell",
        "type": "github"
      }
    },
    "flake-compat": {
      "flake": false,
      "locked": {
        "lastModified": 1696426674,
        "narHash": "sha256-kvjfFW7WAETZlt09AgDn1MrtKzP7t90Vf7vypd3OL1U=",
        "owner": "edolstra",
        "repo": "flake-compat",
        "rev": "0f9255e01c2351cc7d116c072cb317785dd33b33",
        "type": "github"
      },
      "original": {
        "owner": "edolstra",
        "repo": "flake-compat",
        "type": "github"
      }
    },
    "flake-parts": {
      "inputs": {
        "nixpkgs-lib": [
          "nixpkgs"
        ]
      },
      "locked": {
        "lastModified": 1715865404,
        "narHash": "sha256-/GJvTdTpuDjNn84j82cU6bXztE0MSkdnTWClUCRub78=",
        "owner": "hercules-ci",
        "repo": "flake-parts",
        "rev": "8dc45382d5206bd292f9c2768b8058a8fd8311d9",
        "type": "github"
      },
      "original": {
        "owner": "hercules-ci",
        "repo": "flake-parts",
        "type": "github"
      }
    },
    "flake-utils": {
      "inputs": {
        "systems": [
          "systems"
        ]
      },
      "locked": {
        "lastModified": 1710146030,
        "narHash": "sha256-SZ5L6eA7HJ/nmkzGG7/ISclqe6oZdOZTNoesiInkXPQ=",
        "owner": "numtide",
        "repo": "flake-utils",
        "rev": "b1d9ab70662946ef0850d488da1c9019f3a9752a",
        "type": "github"
      },
      "original": {
        "owner": "numtide",
        "repo": "flake-utils",
        "type": "github"
      }
    },
    "gitignore": {
      "inputs": {
        "nixpkgs": [
          "pre-commit-hooks",
          "nixpkgs"
        ]
      },
      "locked": {
        "lastModified": 1709087332,
        "narHash": "sha256-HG2cCnktfHsKV0s4XW83gU3F57gaTljL9KNSuG6bnQs=",
        "owner": "hercules-ci",
        "repo": "gitignore.nix",
        "rev": "637db329424fd7e46cf4185293b9cc8c88c95394",
        "type": "github"
      },
      "original": {
        "owner": "hercules-ci",
        "repo": "gitignore.nix",
        "type": "github"
      }
    },
    "home-manager": {
      "inputs": {
        "nixpkgs": [
          "nixpkgs"
        ]
      },
      "locked": {
        "lastModified": 1716671875,
        "narHash": "sha256-k+cLJfU6qDV8EO6HEokLt5boPwWXidi0B0F8KJlG3ug=",
        "owner": "nix-community",
        "repo": "home-manager",
        "rev": "569d9284583909f416f00c44fab86f652c8b2c61",
        "type": "github"
      },
      "original": {
        "owner": "nix-community",
        "ref": "release-24.05",
        "repo": "home-manager",
        "type": "github"
      }
    },
    "nixpkgs": {
      "locked": {
        "lastModified": 1716626074,
        "narHash": "sha256-61y/FgZksNyOk874iJrURCK+gyf6zjDwTHAmCEbQhMU=",
        "owner": "NixOS",
        "repo": "nixpkgs",
        "rev": "e62719f4d211a3cad8ff7f0e9ec91008876932db",
        "type": "github"
      },
      "original": {
        "id": "nixpkgs",
        "ref": "nixpkgs-24.05-darwin",
        "type": "indirect"
      }
    },
    "nixpkgs-unstable": {
      "locked": {
        "lastModified": 1716674093,
        "narHash": "sha256-a40kOBpOfo2EDxGij+S2JMCFLZqcLR43hAVkT4ar81Q=",
        "owner": "nixos",
        "repo": "nixpkgs",
        "rev": "cb796c7ed2a9584d57b1a20768715f2d99267517",
        "type": "github"
      },
      "original": {
        "owner": "nixos",
        "repo": "nixpkgs",
        "type": "github"
      }
    },
    "nur": {
      "locked": {
        "lastModified": 1716671200,
        "narHash": "sha256-MjfhRf3LhIXPRrlKIxIgLNEt1pySaBwazO6+qALjBtY=",
        "owner": "nix-community",
        "repo": "NUR",
        "rev": "386c4b596d7abb4eab6918b4e91071be06772c82",
        "type": "github"
      },
      "original": {
        "owner": "nix-community",
        "repo": "NUR",
        "type": "github"
      }
    },
    "pre-commit-hooks": {
      "inputs": {
        "flake-compat": "flake-compat",
        "gitignore": "gitignore",
        "nixpkgs": [
          "nixpkgs-unstable"
        ],
        "nixpkgs-stable": [
          "nixpkgs"
        ]
      },
      "locked": {
        "lastModified": 1716213921,
        "narHash": "sha256-xrsYFST8ij4QWaV6HEokCUNIZLjjLP1bYC60K8XiBVA=",
        "owner": "cachix",
        "repo": "pre-commit-hooks.nix",
        "rev": "0e8fcc54b842ad8428c9e705cb5994eaf05c26a0",
        "type": "github"
      },
      "original": {
        "owner": "cachix",
        "repo": "pre-commit-hooks.nix",
        "type": "github"
      }
    },
    "root": {
      "inputs": {
        "catppuccin": "catppuccin",
        "darwin": "darwin",
        "devshell": "devshell",
        "flake-parts": "flake-parts",
        "flake-utils": "flake-utils",
        "home-manager": "home-manager",
        "nixpkgs": "nixpkgs",
        "nixpkgs-unstable": "nixpkgs-unstable",
        "nur": "nur",
        "pre-commit-hooks": "pre-commit-hooks",
        "sops": "sops",
        "systems": "systems",
        "yumi": "yumi"
      }
    },
    "sops": {
      "inputs": {
        "nixpkgs": [
          "nixpkgs-unstable"
        ],
        "nixpkgs-stable": [
          "nixpkgs"
        ]
      },
      "locked": {
        "lastModified": 1716400300,
        "narHash": "sha256-0lMkIk9h3AzOHs1dCL9RXvvN4PM8VBKb+cyGsqOKa4c=",
        "owner": "Mic92",
        "repo": "sops-nix",
        "rev": "b549832718b8946e875c016a4785d204fcfc2e53",
        "type": "github"
      },
      "original": {
        "owner": "Mic92",
        "repo": "sops-nix",
        "type": "github"
      }
    },
    "systems": {
      "locked": {
        "lastModified": 1681028828,
        "narHash": "sha256-Vy1rq5AaRuLzOxct8nz4T6wlgyUR7zLU309k9mBC768=",
        "owner": "nix-systems",
        "repo": "default",
        "rev": "da67096a3b9bf56a91d16901293e51ba5b49a27e",
        "type": "github"
      },
      "original": {
        "owner": "nix-systems",
        "repo": "default",
        "type": "github"
      }
    },
    "yumi": {
      "inputs": {
        "flake-utils": [
          "flake-utils"
        ],
        "nixpkgs": [
          "nixpkgs"
        ],
        "pre-commit-hooks": [
          "pre-commit-hooks"
        ]
      },
      "locked": {
        "lastModified": 1688131742,
        "narHash": "sha256-m9KvmGnzQ5woktYJzZj6m/3ztg7RtZQFDkOeX56CihU=",
        "owner": "mokrinsky",
        "repo": "nix-packages",
        "rev": "b4cb04e855e3975d55f8300a1eb98f44a03bfb0f",
        "type": "github"
      },
      "original": {
        "owner": "mokrinsky",
        "repo": "nix-packages",
        "type": "github"
      }
    }
  },
  "root": "root",
  "version": 7
}
